{
    "_readme": [
        "This file locks the dependencies of your project to a known state",
        "Read more about it at https://getcomposer.org/doc/01-basic-usage.md#installing-dependencies",
        "This file is @generated automatically"
    ],
    "content-hash": "170709edb8712e1293c97ff3a5df7fae",
    "packages": [
        {
            "name": "automattic/jetpack-autoloader",
            "version": "v2.12.0",
            "source": {
                "type": "git",
                "url": "https://github.com/Automattic/jetpack-autoloader.git",
                "reference": "632b69cfc73ed5505f2b03165e7f68d414d0da12"
            },
            "dist": {
                "type": "zip",
                "url": "https://api.github.com/repos/Automattic/jetpack-autoloader/zipball/632b69cfc73ed5505f2b03165e7f68d414d0da12",
                "reference": "632b69cfc73ed5505f2b03165e7f68d414d0da12",
                "shasum": ""
            },
            "require": {
                "composer-plugin-api": "^1.1 || ^2.0"
            },
            "require-dev": {
                "automattic/jetpack-changelogger": "^3.3.11",
                "yoast/phpunit-polyfills": "1.1.0"
            },
            "type": "composer-plugin",
            "extra": {
                "autotagger": true,
                "class": "Automattic\\Jetpack\\Autoloader\\CustomAutoloaderPlugin",
                "mirror-repo": "Automattic/jetpack-autoloader",
                "changelogger": {
                    "link-template": "https://github.com/Automattic/jetpack-autoloader/compare/v${old}...v${new}"
                },
                "version-constants": {
                    "::VERSION": "src/AutoloadGenerator.php"
                },
                "branch-alias": {
                    "dev-trunk": "2.12.x-dev"
                }
            },
            "autoload": {
                "psr-4": {
                    "Automattic\\Jetpack\\Autoloader\\": "src"
                },
                "classmap": [
                    "src/AutoloadGenerator.php"
                ]
            },
            "notification-url": "https://packagist.org/downloads/",
            "license": [
                "GPL-2.0-or-later"
            ],
            "description": "Creates a custom autoloader for a plugin or theme.",
            "keywords": [
                "autoload",
                "autoloader",
                "composer",
                "jetpack",
                "plugin",
                "wordpress"
            ],
            "support": {
                "source": "https://github.com/Automattic/jetpack-autoloader/tree/v2.12.0"
            },
            "time": "2023-09-28T18:33:34+00:00"
        },
        {
            "name": "automattic/jetpack-constants",
            "version": "v2.0.3",
            "source": {
                "type": "git",
                "url": "https://github.com/Automattic/jetpack-constants.git",
                "reference": "f5da87d3b7f80411b77aa58a7355733ea72295aa"
            },
            "dist": {
                "type": "zip",
                "url": "https://api.github.com/repos/Automattic/jetpack-constants/zipball/f5da87d3b7f80411b77aa58a7355733ea72295aa",
                "reference": "f5da87d3b7f80411b77aa58a7355733ea72295aa",
                "shasum": ""
            },
            "require": {
                "php": ">=7.0"
            },
            "require-dev": {
                "automattic/jetpack-changelogger": "^4.2.4",
                "brain/monkey": "2.6.1",
                "yoast/phpunit-polyfills": "1.1.0"
            },
            "suggest": {
                "automattic/jetpack-autoloader": "Allow for better interoperability with other plugins that use this package."
            },
            "type": "jetpack-library",
            "extra": {
                "autotagger": true,
                "mirror-repo": "Automattic/jetpack-constants",
                "changelogger": {
                    "link-template": "https://github.com/Automattic/jetpack-constants/compare/v${old}...v${new}"
                },
                "branch-alias": {
                    "dev-trunk": "2.0.x-dev"
                }
            },
            "autoload": {
                "classmap": [
                    "src/"
                ]
            },
            "notification-url": "https://packagist.org/downloads/",
            "license": [
                "GPL-2.0-or-later"
            ],
            "description": "A wrapper for defining constants in a more testable way.",
            "support": {
                "source": "https://github.com/Automattic/jetpack-constants/tree/v2.0.3"
            },
            "time": "2024-05-29T09:44:58+00:00"
        },
        {
            "name": "automattic/jetpack-google-analytics",
            "version": "v0.2.1",
            "source": {
                "type": "git",
                "url": "https://github.com/Automattic/jetpack-google-analytics.git",
                "reference": "3834c75b18376a3c5f6de667a16de31cdc0e1f11"
            },
            "dist": {
                "type": "zip",
                "url": "https://api.github.com/repos/Automattic/jetpack-google-analytics/zipball/3834c75b18376a3c5f6de667a16de31cdc0e1f11",
                "reference": "3834c75b18376a3c5f6de667a16de31cdc0e1f11",
                "shasum": ""
            },
            "require": {
                "automattic/jetpack-status": "^3.3.2",
                "php": ">=7.0"
            },
            "require-dev": {
                "automattic/jetpack-changelogger": "^4.2.5",
                "automattic/wordbless": "^0.4.2",
                "yoast/phpunit-polyfills": "1.1.0"
            },
            "suggest": {
                "automattic/jetpack-autoloader": "Allow for better interoperability with other plugins that use this package."
            },
            "type": "jetpack-library",
            "extra": {
                "autotagger": true,
                "branch-alias": {
                    "dev-trunk": "0.2.x-dev"
                },
                "changelogger": {
                    "link-template": "https://github.com/Automattic/jetpack-google-analytics/compare/v${old}...v${new}"
                },
                "mirror-repo": "Automattic/jetpack-google-analytics",
                "textdomain": "jetpack-google-analytics",
                "version-constants": {
                    "::PACKAGE_VERSION": "src/class-ga-manager.php"
                }
            },
            "autoload": {
                "classmap": [
                    "src/"
                ]
            },
            "notification-url": "https://packagist.org/downloads/",
            "license": [
                "GPL-2.0-or-later"
            ],
            "description": "Set up Google Analytics without touching a line of code.",
            "support": {
                "source": "https://github.com/Automattic/jetpack-google-analytics/tree/v0.2.1"
            },
            "time": "2024-06-27T12:56:13+00:00"
        },
        {
            "name": "automattic/jetpack-redirect",
            "version": "v2.0.2",
            "source": {
                "type": "git",
                "url": "https://github.com/Automattic/jetpack-redirect.git",
                "reference": "7214fcd3684eb99178d6368c01f8778a182444cb"
            },
            "dist": {
                "type": "zip",
                "url": "https://api.github.com/repos/Automattic/jetpack-redirect/zipball/7214fcd3684eb99178d6368c01f8778a182444cb",
                "reference": "7214fcd3684eb99178d6368c01f8778a182444cb",
                "shasum": ""
            },
            "require": {
                "automattic/jetpack-status": "^3.0.0",
                "php": ">=7.0"
            },
            "require-dev": {
                "automattic/jetpack-changelogger": "^4.2.2",
                "brain/monkey": "2.6.1",
                "yoast/phpunit-polyfills": "1.1.0"
            },
            "suggest": {
                "automattic/jetpack-autoloader": "Allow for better interoperability with other plugins that use this package."
            },
            "type": "jetpack-library",
            "extra": {
                "autotagger": true,
                "mirror-repo": "Automattic/jetpack-redirect",
                "changelogger": {
                    "link-template": "https://github.com/Automattic/jetpack-redirect/compare/v${old}...v${new}"
                },
                "branch-alias": {
                    "dev-trunk": "2.0.x-dev"
                }
            },
            "autoload": {
                "classmap": [
                    "src/"
                ]
            },
            "notification-url": "https://packagist.org/downloads/",
            "license": [
                "GPL-2.0-or-later"
            ],
            "description": "Utilities to build URLs to the jetpack.com/redirect/ service",
            "support": {
                "source": "https://github.com/Automattic/jetpack-redirect/tree/v2.0.2"
            },
            "time": "2024-04-25T07:24:30+00:00"
        },
        {
            "name": "automattic/jetpack-status",
            "version": "v3.3.2",
            "source": {
                "type": "git",
                "url": "https://github.com/Automattic/jetpack-status.git",
                "reference": "5a57484666740d42666d18e6a52a23697c4c22ed"
            },
            "dist": {
                "type": "zip",
                "url": "https://api.github.com/repos/Automattic/jetpack-status/zipball/5a57484666740d42666d18e6a52a23697c4c22ed",
                "reference": "5a57484666740d42666d18e6a52a23697c4c22ed",
                "shasum": ""
            },
            "require": {
                "automattic/jetpack-constants": "^2.0.3",
                "php": ">=7.0"
            },
            "require-dev": {
                "automattic/jetpack-changelogger": "^4.2.4",
                "automattic/jetpack-connection": "@dev",
                "automattic/jetpack-ip": "^0.2.2",
                "automattic/jetpack-plans": "@dev",
                "brain/monkey": "2.6.1",
                "yoast/phpunit-polyfills": "1.1.0"
            },
            "suggest": {
                "automattic/jetpack-autoloader": "Allow for better interoperability with other plugins that use this package."
            },
            "type": "jetpack-library",
            "extra": {
                "autotagger": true,
                "mirror-repo": "Automattic/jetpack-status",
                "changelogger": {
                    "link-template": "https://github.com/Automattic/jetpack-status/compare/v${old}...v${new}"
                },
                "branch-alias": {
                    "dev-trunk": "3.3.x-dev"
                },
                "dependencies": {
                    "test-only": [
                        "packages/connection",
                        "packages/plans"
                    ]
                }
            },
            "autoload": {
                "classmap": [
                    "src/"
                ]
            },
            "notification-url": "https://packagist.org/downloads/",
            "license": [
                "GPL-2.0-or-later"
            ],
            "description": "Used to retrieve information about the current status of Jetpack and the site overall.",
            "support": {
                "source": "https://github.com/Automattic/jetpack-status/tree/v3.3.2"
            },
            "time": "2024-06-24T19:22:37+00:00"
        }
    ],
    "packages-dev": [],
    "aliases": [],
    "minimum-stability": "dev",
    "stability-flags": [],
    "prefer-stable": true,
    "prefer-lowest": false,
    "platform": [],
    "platform-dev": [],
    "plugin-api-version": "2.6.0"
}
