{
    "_readme": [
        "This file locks the dependencies of your project to a known state",
        "Read more about it at https://getcomposer.org/doc/01-basic-usage.md#installing-dependencies",
        "This file is @generated automatically"
    ],
    "content-hash": "a28f1aad85de6ada97b8dab02c37f6ea",
    "packages": [
        {
            "name": "automattic/jetpack-google-analytics",
            "version": "v0.1.0",
            "source": {
                "type": "git",
                "url": "https://github.com/Automattic/jetpack-google-analytics.git",
                "reference": "612a1352b3ea3ec81db553fc83032fafde43dd2c"
            },
            "dist": {
                "type": "zip",
                "url": "https://api.github.com/repos/Automattic/jetpack-google-analytics/zipball/612a1352b3ea3ec81db553fc83032fafde43dd2c",
                "reference": "612a1352b3ea3ec81db553fc83032fafde43dd2c",
                "shasum": ""
            },
            "require": {
                "php": ">=7.0"
            },
            "require-dev": {
                "automattic/jetpack-changelogger": "^4.2.3",
                "automattic/wordbless": "^0.4.2",
                "yoast/phpunit-polyfills": "1.1.0"
            },
            "suggest": {
                "automattic/jetpack-autoloader": "Allow for better interoperability with other plugins that use this package."
            },
            "type": "jetpack-library",
            "extra": {
                "autotagger": true,
                "branch-alias": {
                    "dev-trunk": "0.1.x-dev"
                },
                "changelogger": {
                    "link-template": "https://github.com/Automattic/jetpack-google-analytics/compare/v${old}...v${new}"
                },
                "mirror-repo": "Automattic/jetpack-google-analytics",
                "textdomain": "jetpack-google-analytics",
                "version-constants": {
                    "::PACKAGE_VERSION": "src/class-ga-manager.php"
                }
            },
            "autoload": {
                "classmap": [
                    "src/"
                ]
            },
            "notification-url": "https://packagist.org/downloads/",
            "license": [
                "GPL-2.0-or-later"
            ],
            "description": "Set up Google Analytics without touching a line of code.",
            "support": {
                "source": "https://github.com/Automattic/jetpack-google-analytics/tree/v0.1.0"
            },
            "time": "2024-05-13T18:26:52+00:00"
        }
    ],
    "packages-dev": [],
    "aliases": [],
    "minimum-stability": "dev",
    "stability-flags": [],
    "prefer-stable": true,
    "prefer-lowest": false,
    "platform": [],
    "platform-dev": [],
    "plugin-api-version": "2.6.0"
}
